
Microsoft Visual Studio Solution File, Format Version 12.00
# Visual Studio Version 17
VisualStudioVersion = 17.5.33627.172
MinimumVisualStudioVersion = 10.0.40219.1
Project("{9A19103F-16F7-4668-BE54-9A1E7A4F7556}") = "stage0", "stage0\stage0.csproj", "{268AC574-DA16-463B-9F5F-2424AC5CF3A9}"
EndProject
Project("{2150E333-8FDC-42A3-9474-1A3956D46DE8}") = "Solution Items", "Solution Items", "{BAA01A64-0A45-49A8-A7A2-C3DC1D0C925F}"
	ProjectSection(SolutionItems) = preProject
		README.md = README.md
	EndProjectSection
EndProject
Project("{9A19103F-16F7-4668-BE54-9A1E7A4F7556}") = "DalFacade", "DalFacade\DalFacade.csproj", "{C1844748-8E54-4A0F-ADE6-7472C4BBBB53}"
EndProject
Project("{9A19103F-16F7-4668-BE54-9A1E7A4F7556}") = "DalTest", "DalTest\DalTest.csproj", "{1949F98C-D9CC-4E31-96A3-438A4C897689}"
EndProject
Project("{9A19103F-16F7-4668-BE54-9A1E7A4F7556}") = "DalList", "DalList\DalList.csproj", "{EF1F564F-0179-4904-BB1C-428E06ACEFE2}"
EndProject
Project("{9A19103F-16F7-4668-BE54-9A1E7A4F7556}") = "DalXml", "DalXml\DalXml.csproj", "{4C6C201F-679D-48C4-AEF4-5AB0D73AA43C}"
EndProject
Project("{2150E333-8FDC-42A3-9474-1A3956D46DE8}") = "xml", "xml", "{F0E1C0AB-D0D8-46A7-B767-0F7348FCDD31}"
	ProjectSection(SolutionItems) = preProject
		xml\dal-config.xml = xml\dal-config.xml
		xml\data-config.xml = xml\data-config.xml
		xml\depndencies.xml = xml\depndencies.xml
		xml\Engineers.xml = xml\Engineers.xml
		xml\Tasks.xml = xml\Tasks.xml
	EndProjectSection
EndProject
Project("{9A19103F-16F7-4668-BE54-9A1E7A4F7556}") = "BL", "BL\BL.csproj", "{F4664567-0D51-4C54-BC83-2056D13A35A5}"
EndProject
Project("{FAE04EC0-301F-11D3-BF4B-00C04F79EFBC}") = "BlTest", "BlTest\BlTest.csproj", "{89D44F8C-8727-4C01-B7C5-487021F2AB87}"
EndProject
Global
	GlobalSection(SolutionConfigurationPlatforms) = preSolution
		Debug|Any CPU = Debug|Any CPU
		Release|Any CPU = Release|Any CPU
	EndGlobalSection
	GlobalSection(ProjectConfigurationPlatforms) = postSolution
		{268AC574-DA16-463B-9F5F-2424AC5CF3A9}.Debug|Any CPU.ActiveCfg = Debug|Any CPU
		{268AC574-DA16-463B-9F5F-2424AC5CF3A9}.Debug|Any CPU.Build.0 = Debug|Any CPU
		{268AC574-DA16-463B-9F5F-2424AC5CF3A9}.Release|Any CPU.ActiveCfg = Release|Any CPU
		{268AC574-DA16-463B-9F5F-2424AC5CF3A9}.Release|Any CPU.Build.0 = Release|Any CPU
		{C1844748-8E54-4A0F-ADE6-7472C4BBBB53}.Debug|Any CPU.ActiveCfg = Debug|Any CPU
		{C1844748-8E54-4A0F-ADE6-7472C4BBBB53}.Debug|Any CPU.Build.0 = Debug|Any CPU
		{C1844748-8E54-4A0F-ADE6-7472C4BBBB53}.Release|Any CPU.ActiveCfg = Release|Any CPU
		{C1844748-8E54-4A0F-ADE6-7472C4BBBB53}.Release|Any CPU.Build.0 = Release|Any CPU
		{1949F98C-D9CC-4E31-96A3-438A4C897689}.Debug|Any CPU.ActiveCfg = Debug|Any CPU
		{1949F98C-D9CC-4E31-96A3-438A4C897689}.Debug|Any CPU.Build.0 = Debug|Any CPU
		{1949F98C-D9CC-4E31-96A3-438A4C897689}.Release|Any CPU.ActiveCfg = Release|Any CPU
		{1949F98C-D9CC-4E31-96A3-438A4C897689}.Release|Any CPU.Build.0 = Release|Any CPU
		{EF1F564F-0179-4904-BB1C-428E06ACEFE2}.Debug|Any CPU.ActiveCfg = Debug|Any CPU
		{EF1F564F-0179-4904-BB1C-428E06ACEFE2}.Debug|Any CPU.Build.0 = Debug|Any CPU
		{EF1F564F-0179-4904-BB1C-428E06ACEFE2}.Release|Any CPU.ActiveCfg = Release|Any CPU
		{EF1F564F-0179-4904-BB1C-428E06ACEFE2}.Release|Any CPU.Build.0 = Release|Any CPU
		{4C6C201F-679D-48C4-AEF4-5AB0D73AA43C}.Debug|Any CPU.ActiveCfg = Debug|Any CPU
		{4C6C201F-679D-48C4-AEF4-5AB0D73AA43C}.Debug|Any CPU.Build.0 = Debug|Any CPU
		{4C6C201F-679D-48C4-AEF4-5AB0D73AA43C}.Release|Any CPU.ActiveCfg = Release|Any CPU
		{4C6C201F-679D-48C4-AEF4-5AB0D73AA43C}.Release|Any CPU.Build.0 = Release|Any CPU
		{F4664567-0D51-4C54-BC83-2056D13A35A5}.Debug|Any CPU.ActiveCfg = Debug|Any CPU
		{F4664567-0D51-4C54-BC83-2056D13A35A5}.Debug|Any CPU.Build.0 = Debug|Any CPU
		{F4664567-0D51-4C54-BC83-2056D13A35A5}.Release|Any CPU.ActiveCfg = Release|Any CPU
		{F4664567-0D51-4C54-BC83-2056D13A35A5}.Release|Any CPU.Build.0 = Release|Any CPU
		{89D44F8C-8727-4C01-B7C5-487021F2AB87}.Debug|Any CPU.ActiveCfg = Debug|Any CPU
		{89D44F8C-8727-4C01-B7C5-487021F2AB87}.Debug|Any CPU.Build.0 = Debug|Any CPU
		{89D44F8C-8727-4C01-B7C5-487021F2AB87}.Release|Any CPU.ActiveCfg = Release|Any CPU
		{89D44F8C-8727-4C01-B7C5-487021F2AB87}.Release|Any CPU.Build.0 = Release|Any CPU
	EndGlobalSection
	GlobalSection(SolutionProperties) = preSolution
		HideSolutionNode = FALSE
	EndGlobalSection
	GlobalSection(ExtensibilityGlobals) = postSolution
		SolutionGuid = {1916F86D-3C40-4BE3-99A1-952AFE0600A3}
	EndGlobalSection
EndGlobal
